<Solution>
    <Folder Name="/src/">
        <Project Path="src/braid/Braid.csproj"/>
    </Folder>
    <Folder Name="/tests/">
        <Project Path="tests/braid.tests/Braid.Tests.csproj"/>
    </Folder>
    <Folder Name="/examples/">
        <Project Path="examples/cache-cas-race/Braid.Examples.CacheCasRace.csproj"/>
        <Project Path="examples/user-operation-limiter/Braid.Examples.UserOperationLimiter.csproj"/>
    </Folder>
</Solution>
